// !$*UTF8*$!
{
	archiveVersion = 1;
	classes = {
	};
	objectVersion = 50;
	objects = {

/* Begin PBXBuildFile section */
		228DD8B52127662600ED9280 /* AppDelegate.swift in Sources */ = {isa = PBXBuildFile; fileRef = 228DD8B42127662600ED9280 /* AppDelegate.swift */; };
		228DD8B72127662600ED9280 /* MasterViewController.swift in Sources */ = {isa = PBXBuildFile; fileRef = 228DD8B62127662600ED9280 /* MasterViewController.swift */; };
		228DD8B92127662600ED9280 /* DetailViewController.swift in Sources */ = {isa = PBXBuildFile; fileRef = 228DD8B82127662600ED9280 /* DetailViewController.swift */; };
		228DD8BC2127662600ED9280 /* Main.storyboard in Resources */ = {isa = PBXBuildFile; fileRef = 228DD8BA2127662600ED9280 /* Main.storyboard */; };
		228DD8BE2127662A00ED9280 /* Assets.xcassets in Resources */ = {isa = PBXBuildFile; fileRef = 228DD8BD2127662A00ED9280 /* Assets.xcassets */; };
		228DD8C12127662A00ED9280 /* LaunchScreen.storyboard in Resources */ = {isa = PBXBuildFile; fileRef = 228DD8BF2127662A00ED9280 /* LaunchScreen.storyboard */; };
		228DD8C9212767D100ED9280 /* ViewControllerType.swift in Sources */ = {isa = PBXBuildFile; fileRef = 228DD8C8212767D100ED9280 /* ViewControllerType.swift */; };
/* End PBXBuildFile section */

/* Begin PBXFileReference section */
		228DD8B12127662600ED9280 /* Marvellous.app */ = {isa = PBXFileReference; explicitFileType = wrapper.application; includeInIndex = 0; path = Marvellous.app; sourceTree = BUILT_PRODUCTS_DIR; };
		228DD8B42127662600ED9280 /* AppDelegate.swift */ = {isa = PBXFileReference; lastKnownFileType = sourcecode.swift; path = AppDelegate.swift; sourceTree = "<group>"; };
		228DD8B62127662600ED9280 /* MasterViewController.swift */ = {isa = PBXFileReference; lastKnownFileType = sourcecode.swift; path = MasterViewController.swift; sourceTree = "<group>"; };
		228DD8B82127662600ED9280 /* DetailViewController.swift */ = {isa = PBXFileReference; lastKnownFileType = sourcecode.swift; path = DetailViewController.swift; sourceTree = "<group>"; };
		228DD8BB2127662600ED9280 /* Base */ = {isa = PBXFileReference; lastKnownFileType = file.storyboard; name = Base; path = Base.lproj/Main.storyboard; sourceTree = "<group>"; };
		228DD8BD2127662A00ED9280 /* Assets.xcassets */ = {isa = PBXFileReference; lastKnownFileType = folder.assetcatalog; path = Assets.xcassets; sourceTree = "<group>"; };
		228DD8C02127662A00ED9280 /* Base */ = {isa = PBXFileReference; lastKnownFileType = file.storyboard; name = Base; path = Base.lproj/LaunchScreen.storyboard; sourceTree = "<group>"; };
		228DD8C22127662A00ED9280 /* Info.plist */ = {isa = PBXFileReference; lastKnownFileType = text.plist.xml; path = Info.plist; sourceTree = "<group>"; };
		228DD8C8212767D100ED9280 /* ViewControllerType.swift */ = {isa = PBXFileReference; lastKnownFileType = sourcecode.swift; path = ViewControllerType.swift; sourceTree = "<group>"; };
/* End PBXFileReference section */

/* Begin PBXFrameworksBuildPhase section */
		228DD8AE2127662600ED9280 /* Frameworks */ = {
			isa = PBXFrameworksBuildPhase;
			buildActionMask = 2147483647;
			files = (
			);
			runOnlyForDeploymentPostprocessing = 0;
		};
/* End PBXFrameworksBuildPhase section */

/* Begin PBXGroup section */
		228DD8A82127662600ED9280 = {
			isa = PBXGroup;
			children = (
				228DD8B32127662600ED9280 /* Marvellous */,
				228DD8B22127662600ED9280 /* Products */,
			);
			sourceTree = "<group>";
		};
		228DD8B22127662600ED9280 /* Products */ = {
			isa = PBXGroup;
			children = (
				228DD8B12127662600ED9280 /* Marvellous.app */,
			);
			name = Products;
			sourceTree = "<group>";
		};
		228DD8B32127662600ED9280 /* Marvellous */ = {
			isa = PBXGroup;
			children = (
				228DD8B42127662600ED9280 /* AppDelegate.swift */,
				228DD8B62127662600ED9280 /* MasterViewController.swift */,
				228DD8B82127662600ED9280 /* DetailViewController.swift */,
				228DD8BA2127662600ED9280 /* Main.storyboard */,
				228DD8BD2127662A00ED9280 /* Assets.xcassets */,
				228DD8BF2127662A00ED9280 /* LaunchScreen.storyboard */,
				228DD8C22127662A00ED9280 /* Info.plist */,
				228DD8C8212767D100ED9280 /* ViewControllerType.swift */,
			);
			path = Marvellous;
			sourceTree = "<group>";
		};
/* End PBXGroup section */

/* Begin PBXNativeTarget section */
		228DD8B02127662600ED9280 /* Marvellous */ = {
			isa = PBXNativeTarget;
			buildConfigurationList = 228DD8C52127662A00ED9280 /* Build configuration list for PBXNativeTarget "Marvellous" */;
			buildPhases = (
				228DD8AD2127662600ED9280 /* Sources */,
				228DD8AE2127662600ED9280 /* Frameworks */,
				228DD8AF2127662600ED9280 /* Resources */,
			);
			buildRules = (
			);
			dependencies = (
			);
			name = Marvellous;
			productName = Marvellous;
			productReference = 228DD8B12127662600ED9280 /* Marvellous.app */;
			productType = "com.apple.product-type.application";
		};
/* End PBXNativeTarget section */

/* Begin PBXProject section */
		228DD8A92127662600ED9280 /* Project object */ = {
			isa = PBXProject;
			attributes = {
				LastSwiftUpdateCheck = 0940;
				LastUpgradeCheck = 0940;
				ORGANIZATIONNAME = "Unfair Advantage";
				TargetAttributes = {
					228DD8B02127662600ED9280 = {
						CreatedOnToolsVersion = 9.4.1;
					};
				};
			};
			buildConfigurationList = 228DD8AC2127662600ED9280 /* Build configuration list for PBXProject "Marvellous" */;
			compatibilityVersion = "Xcode 9.3";
			developmentRegion = en;
			hasScannedForEncodings = 0;
			knownRegions = (
				en,
				Base,
			);
			mainGroup = 228DD8A82127662600ED9280;
			productRefGroup = 228DD8B22127662600ED9280 /* Products */;
			projectDirPath = "";
			projectRoot = "";
			targets = (
				228DD8B02127662600ED9280 /* Marvellous */,
			);
		};
/* End PBXProject section */

/* Begin PBXResourcesBuildPhase section */
		228DD8AF2127662600ED9280 /* Resources */ = {
			isa = PBXResourcesBuildPhase;
			buildActionMask = 2147483647;
			files = (
				228DD8C12127662A00ED9280 /* LaunchScreen.storyboard in Resources */,
				228DD8BE2127662A00ED9280 /* Assets.xcassets in Resources */,
				228DD8BC2127662600ED9280 /* Main.storyboard in Resources */,
			);
			runOnlyForDeploymentPostprocessing = 0;
		};
/* End PBXResourcesBuildPhase section */

/* Begin PBXSourcesBuildPhase section */
		228DD8AD2127662600ED9280 /* Sources */ = {
			isa = PBXSourcesBuildPhase;
			buildActionMask = 2147483647;
			files = (
				228DD8C9212767D100ED9280 /* ViewControllerType.swift in Sources */,
				228DD8B92127662600ED9280 /* DetailViewController.swift in Sources */,
				228DD8B72127662600ED9280 /* MasterViewController.swift in Sources */,
				228DD8B52127662600ED9280 /* AppDelegate.swift in Sources */,
			);
			runOnlyForDeploymentPostprocessing = 0;
		};
/* End PBXSourcesBuildPhase section */

/* Begin PBXVariantGroup section */
		228DD8BA2127662600ED9280 /* Main.storyboard */ = {
			isa = PBXVariantGroup;
			children = (
				228DD8BB2127662600ED9280 /* Base */,
			);
			name = Main.storyboard;
			sourceTree = "<group>";
		};
		228DD8BF2127662A00ED9280 /* LaunchScreen.storyboard */ = {
			isa = PBXVariantGroup;
			children = (
				228DD8C02127662A00ED9280 /* Base */,
			);
			name = LaunchScreen.storyboard;
			sourceTree = "<group>";
		};
/* End PBXVariantGroup section */

/* Begin XCBuildConfiguration section */
		228DD8C32127662A00ED9280 /* Debug */ = {
			isa = XCBuildConfiguration;
			buildSettings = {
				ALWAYS_SEARCH_USER_PATHS = NO;
				CLANG_ANALYZER_NONNULL = YES;
				CLANG_ANALYZER_NUMBER_OBJECT_CONVERSION = YES_AGGRESSIVE;
				CLANG_CXX_LANGUAGE_STANDARD = "gnu++14";
				CLANG_CXX_LIBRARY = "libc++";
				CLANG_ENABLE_MODULES = YES;
				CLANG_ENABLE_OBJC_ARC = YES;
				CLANG_ENABLE_OBJC_WEAK = YES;
				CLANG_WARN_BLOCK_CAPTURE_AUTORELEASING = YES;
				CLANG_WARN_BOOL_CONVERSION = YES;
				CLANG_WARN_COMMA = YES;
				CLANG_WARN_CONSTANT_CONVERSION = YES;
				CLANG_WARN_DEPRECATED_OBJC_IMPLEMENTATIONS = YES;
				CLANG_WARN_DIRECT_OBJC_ISA_USAGE = YES_ERROR;
				CLANG_WARN_DOCUMENTATION_COMMENTS = YES;
				CLANG_WARN_EMPTY_BODY = YES;
				CLANG_WARN_ENUM_CONVERSION = YES;
				CLANG_WARN_INFINITE_RECURSION = YES;
				CLANG_WARN_INT_CONVERSION = YES;
				CLANG_WARN_NON_LITERAL_NULL_CONVERSION = YES;
				CLANG_WARN_OBJC_IMPLICIT_RETAIN_SELF = YES;
				CLANG_WARN_OBJC_LITERAL_CONVERSION = YES;
				CLANG_WARN_OBJC_ROOT_CLASS = YES_ERROR;
				CLANG_WARN_RANGE_LOOP_ANALYSIS = YES;
				CLANG_WARN_STRICT_PROTOTYPES = YES;
				CLANG_WARN_SUSPICIOUS_MOVE = YES;
				CLANG_WARN_UNGUARDED_AVAILABILITY = YES_AGGRESSIVE;
				CLANG_WARN_UNREACHABLE_CODE = YES;
				CLANG_WARN__DUPLICATE_METHOD_MATCH = YES;
				CODE_SIGN_IDENTITY = "iPhone Developer";
				COPY_PHASE_STRIP = NO;
				DEBUG_INFORMATION_FORMAT = dwarf;
				ENABLE_STRICT_OBJC_MSGSEND = YES;
				ENABLE_TESTABILITY = YES;
				GCC_C_LANGUAGE_STANDARD = gnu11;
				GCC_DYNAMIC_NO_PIC = NO;
				GCC_NO_COMMON_BLOCKS = YES;
				GCC_OPTIMIZATION_LEVEL = 0;
				GCC_PREPROCESSOR_DEFINITIONS = (
					"DEBUG=1",
					"$(inherited)",
				);
				GCC_WARN_64_TO_32_BIT_CONVERSION = YES;
				GCC_WARN_ABOUT_RETURN_TYPE = YES_ERROR;
				GCC_WARN_UNDECLARED_SELECTOR = YES;
				GCC_WARN_UNINITIALIZED_AUTOS = YES_AGGRESSIVE;
				GCC_WARN_UNUSED_FUNCTION = YES;
				GCC_WARN_UNUSED_VARIABLE = YES;
				IPHONEOS_DEPLOYMENT_TARGET = 11.4;
				MTL_ENABLE_DEBUG_INFO = YES;
				ONLY_ACTIVE_ARCH = YES;
				SDKROOT = iphoneos;
				SWIFT_ACTIVE_COMPILATION_CONDITIONS = DEBUG;
				SWIFT_OPTIMIZATION_LEVEL = "-Onone";
			};
			name = Debug;
		};
		228DD8C42127662A00ED9280 /* Release */ = {
			isa = XCBuildConfiguration;
			buildSettings = {
				ALWAYS_SEARCH_USER_PATHS = NO;
				CLANG_ANALYZER_NONNULL = YES;
				CLANG_ANALYZER_NUMBER_OBJECT_CONVERSION = YES_AGGRESSIVE;
				CLANG_CXX_LANGUAGE_STANDARD = "gnu++14";
				CLANG_CXX_LIBRARY = "libc++";
				CLANG_ENABLE_MODULES = YES;
				CLANG_ENABLE_OBJC_ARC = YES;
				CLANG_ENABLE_OBJC_WEAK = YES;
				CLANG_WARN_BLOCK_CAPTURE_AUTORELEASING = YES;
				CLANG_WARN_BOOL_CONVERSION = YES;
				CLANG_WARN_COMMA = YES;
				CLANG_WARN_CONSTANT_CONVERSION = YES;
				CLANG_WARN_DEPRECATED_OBJC_IMPLEMENTATIONS = YES;
				CLANG_WARN_DIRECT_OBJC_ISA_USAGE = YES_ERROR;
				CLANG_WARN_DOCUMENTATION_COMMENTS = YES;
				CLANG_WARN_EMPTY_BODY = YES;
				CLANG_WARN_ENUM_CONVERSION = YES;
				CLANG_WARN_INFINITE_RECURSION = YES;
				CLANG_WARN_INT_CONVERSION = YES;
				CLANG_WARN_NON_LITERAL_NULL_CONVERSION = YES;
				CLANG_WARN_OBJC_IMPLICIT_RETAIN_SELF = YES;
				CLANG_WARN_OBJC_LITERAL_CONVERSION = YES;
				CLANG_WARN_OBJC_ROOT_CLASS = YES_ERROR;
				CLANG_WARN_RANGE_LOOP_ANALYSIS = YES;
				CLANG_WARN_STRICT_PROTOTYPES = YES;
				CLANG_WARN_SUSPICIOUS_MOVE = YES;
				CLANG_WARN_UNGUARDED_AVAILABILITY = YES_AGGRESSIVE;
				CLANG_WARN_UNREACHABLE_CODE = YES;
				CLANG_WARN__DUPLICATE_METHOD_MATCH = YES;
				CODE_SIGN_IDENTITY = "iPhone Developer";
				COPY_PHASE_STRIP = NO;
				DEBUG_INFORMATION_FORMAT = "dwarf-with-dsym";
				ENABLE_NS_ASSERTIONS = NO;
				ENABLE_STRICT_OBJC_MSGSEND = YES;
				GCC_C_LANGUAGE_STANDARD = gnu11;
				GCC_NO_COMMON_BLOCKS = YES;
				GCC_WARN_64_TO_32_BIT_CONVERSION = YES;
				GCC_WARN_ABOUT_RETURN_TYPE = YES_ERROR;
				GCC_WARN_UNDECLARED_SELECTOR = YES;
				GCC_WARN_UNINITIALIZED_AUTOS = YES_AGGRESSIVE;
				GCC_WARN_UNUSED_FUNCTION = YES;
				GCC_WARN_UNUSED_VARIABLE = YES;
				IPHONEOS_DEPLOYMENT_TARGET = 11.4;
				MTL_ENABLE_DEBUG_INFO = NO;
				SDKROOT = iphoneos;
				SWIFT_COMPILATION_MODE = wholemodule;
				SWIFT_OPTIMIZATION_LEVEL = "-O";
				VALIDATE_PRODUCT = YES;
			};
			name = Release;
		};
		228DD8C62127662A00ED9280 /* Debug */ = {
			isa = XCBuildConfiguration;
			buildSettings = {
				ASSETCATALOG_COMPILER_APPICON_NAME = AppIcon;
				CODE_SIGN_STYLE = Automatic;
				DEVELOPMENT_TEAM = FCKFZCVFD6;
				INFOPLIST_FILE = Marvellous/Info.plist;
				LD_RUNPATH_SEARCH_PATHS = (
					"$(inherited)",
					"@executable_path/Frameworks",
				);
				PRODUCT_BUNDLE_IDENTIFIER = me.unfair.Marvellous;
				PRODUCT_NAME = "$(TARGET_NAME)";
				SWIFT_VERSION = 4.0;
				TARGETED_DEVICE_FAMILY = "1,2";
			};
			name = Debug;
		};
		228DD8C72127662A00ED9280 /* Release */ = {
			isa = XCBuildConfiguration;
			buildSettings = {
				ASSETCATALOG_COMPILER_APPICON_NAME = AppIcon;
				CODE_SIGN_STYLE = Automatic;
				DEVELOPMENT_TEAM = FCKFZCVFD6;
				INFOPLIST_FILE = Marvellous/Info.plist;
				LD_RUNPATH_SEARCH_PATHS = (
					"$(inherited)",
					"@executable_path/Frameworks",
				);
				PRODUCT_BUNDLE_IDENTIFIER = me.unfair.Marvellous;
				PRODUCT_NAME = "$(TARGET_NAME)";
				SWIFT_VERSION = 4.0;
				TARGETED_DEVICE_FAMILY = "1,2";
			};
			name = Release;
		};
/* End XCBuildConfiguration section */

/* Begin XCConfigurationList section */
		228DD8AC2127662600ED9280 /* Build configuration list for PBXProject "Marvellous" */ = {
			isa = XCConfigurationList;
			buildConfigurations = (
				228DD8C32127662A00ED9280 /* Debug */,
				228DD8C42127662A00ED9280 /* Release */,
			);
			defaultConfigurationIsVisible = 0;
			defaultConfigurationName = Release;
		};
		228DD8C52127662A00ED9280 /* Build configuration list for PBXNativeTarget "Marvellous" */ = {
			isa = XCConfigurationList;
			buildConfigurations = (
				228DD8C62127662A00ED9280 /* Debug */,
				228DD8C72127662A00ED9280 /* Release */,
			);
			defaultConfigurationIsVisible = 0;
			defaultConfigurationName = Release;
		};
/* End XCConfigurationList section */
	};
	rootObject = 228DD8A92127662600ED9280 /* Project object */;
}
