// !$*UTF8*$!
{
	archiveVersion = 1;
	classes = {
	};
	objectVersion = 46;
	objects = {

/* Begin PBXBuildFile section */
		B3D403DE1CAF20BD00A256F0 /* Assets.xcassets in Resources */ = {isa = PBXBuildFile; fileRef = B3D403DD1CAF20BD00A256F0 /* Assets.xcassets */; };
		B3D403EC1CAF20BD00A256F0 /* MarvelTests.swift in Sources */ = {isa = PBXBuildFile; fileRef = B3D403EB1CAF20BD00A256F0 /* MarvelTests.swift */; };
		B3D403F91CAF225600A256F0 /* AppDelegate.swift in Sources */ = {isa = PBXBuildFile; fileRef = B3D403F71CAF225600A256F0 /* AppDelegate.swift */; };
		B3D404001CAF26B200A256F0 /* Alamofire.framework in Frameworks */ = {isa = PBXBuildFile; fileRef = B3D403FB1CAF26B200A256F0 /* Alamofire.framework */; };
		B3D404011CAF26B200A256F0 /* Argo.framework in Frameworks */ = {isa = PBXBuildFile; fileRef = B3D403FC1CAF26B200A256F0 /* Argo.framework */; };
		B3D404021CAF26B200A256F0 /* CryptoSwift.framework in Frameworks */ = {isa = PBXBuildFile; fileRef = B3D403FD1CAF26B200A256F0 /* CryptoSwift.framework */; };
		B3D404031CAF26B200A256F0 /* Curry.framework in Frameworks */ = {isa = PBXBuildFile; fileRef = B3D403FE1CAF26B200A256F0 /* Curry.framework */; };
		B3D404041CAF26B200A256F0 /* Timberjack.framework in Frameworks */ = {isa = PBXBuildFile; fileRef = B3D403FF1CAF26B200A256F0 /* Timberjack.framework */; };
		B3D4040B1CAF285E00A256F0 /* ComicsViewController.swift in Sources */ = {isa = PBXBuildFile; fileRef = B3D4040A1CAF285E00A256F0 /* ComicsViewController.swift */; };
		B3D4040F1CAF29C200A256F0 /* MarvelAPI.swift in Sources */ = {isa = PBXBuildFile; fileRef = B3D4040C1CAF29C200A256F0 /* MarvelAPI.swift */; };
		B3D404101CAF29C200A256F0 /* Request+Argo.swift in Sources */ = {isa = PBXBuildFile; fileRef = B3D4040D1CAF29C200A256F0 /* Request+Argo.swift */; };
		B3D404111CAF29C200A256F0 /* Router.swift in Sources */ = {isa = PBXBuildFile; fileRef = B3D4040E1CAF29C200A256F0 /* Router.swift */; };
		B3D404131CAF2A1E00A256F0 /* Comic.swift in Sources */ = {isa = PBXBuildFile; fileRef = B3D404121CAF2A1E00A256F0 /* Comic.swift */; };
		B3D4041D1CAFFB2600A256F0 /* RxCocoa.framework in Frameworks */ = {isa = PBXBuildFile; fileRef = B3D4041B1CAFFB2600A256F0 /* RxCocoa.framework */; };
		B3D4041E1CAFFB2600A256F0 /* RxSwift.framework in Frameworks */ = {isa = PBXBuildFile; fileRef = B3D4041C1CAFFB2600A256F0 /* RxSwift.framework */; };
/* End PBXBuildFile section */

/* Begin PBXContainerItemProxy section */
		B3D403E81CAF20BD00A256F0 /* PBXContainerItemProxy */ = {
			isa = PBXContainerItemProxy;
			containerPortal = B3D403CB1CAF20BD00A256F0 /* Project object */;
			proxyType = 1;
			remoteGlobalIDString = B3D403D21CAF20BD00A256F0;
			remoteInfo = Marvel;
		};
/* End PBXContainerItemProxy section */

/* Begin PBXFileReference section */
		B3D403D31CAF20BD00A256F0 /* Marvel.app */ = {isa = PBXFileReference; explicitFileType = wrapper.application; includeInIndex = 0; path = Marvel.app; sourceTree = BUILT_PRODUCTS_DIR; };
		B3D403DD1CAF20BD00A256F0 /* Assets.xcassets */ = {isa = PBXFileReference; lastKnownFileType = folder.assetcatalog; path = Assets.xcassets; sourceTree = "<group>"; };
		B3D403E21CAF20BD00A256F0 /* Info.plist */ = {isa = PBXFileReference; lastKnownFileType = text.plist.xml; path = Info.plist; sourceTree = "<group>"; };
		B3D403E71CAF20BD00A256F0 /* MarvelTests.xctest */ = {isa = PBXFileReference; explicitFileType = wrapper.cfbundle; includeInIndex = 0; path = MarvelTests.xctest; sourceTree = BUILT_PRODUCTS_DIR; };
		B3D403EB1CAF20BD00A256F0 /* MarvelTests.swift */ = {isa = PBXFileReference; lastKnownFileType = sourcecode.swift; path = MarvelTests.swift; sourceTree = "<group>"; };
		B3D403ED1CAF20BD00A256F0 /* Info.plist */ = {isa = PBXFileReference; lastKnownFileType = text.plist.xml; path = Info.plist; sourceTree = "<group>"; };
		B3D403F71CAF225600A256F0 /* AppDelegate.swift */ = {isa = PBXFileReference; fileEncoding = 4; lastKnownFileType = sourcecode.swift; path = AppDelegate.swift; sourceTree = "<group>"; };
		B3D403FB1CAF26B200A256F0 /* Alamofire.framework */ = {isa = PBXFileReference; lastKnownFileType = wrapper.framework; name = Alamofire.framework; path = Carthage/Build/iOS/Alamofire.framework; sourceTree = "<group>"; };
		B3D403FC1CAF26B200A256F0 /* Argo.framework */ = {isa = PBXFileReference; lastKnownFileType = wrapper.framework; name = Argo.framework; path = Carthage/Build/iOS/Argo.framework; sourceTree = "<group>"; };
		B3D403FD1CAF26B200A256F0 /* CryptoSwift.framework */ = {isa = PBXFileReference; lastKnownFileType = wrapper.framework; name = CryptoSwift.framework; path = Carthage/Build/iOS/CryptoSwift.framework; sourceTree = "<group>"; };
		B3D403FE1CAF26B200A256F0 /* Curry.framework */ = {isa = PBXFileReference; lastKnownFileType = wrapper.framework; name = Curry.framework; path = Carthage/Build/iOS/Curry.framework; sourceTree = "<group>"; };
		B3D403FF1CAF26B200A256F0 /* Timberjack.framework */ = {isa = PBXFileReference; lastKnownFileType = wrapper.framework; name = Timberjack.framework; path = Carthage/Build/iOS/Timberjack.framework; sourceTree = "<group>"; };
		B3D4040A1CAF285E00A256F0 /* ComicsViewController.swift */ = {isa = PBXFileReference; fileEncoding = 4; lastKnownFileType = sourcecode.swift; path = ComicsViewController.swift; sourceTree = "<group>"; };
		B3D4040C1CAF29C200A256F0 /* MarvelAPI.swift */ = {isa = PBXFileReference; fileEncoding = 4; lastKnownFileType = sourcecode.swift; path = MarvelAPI.swift; sourceTree = "<group>"; };
		B3D4040D1CAF29C200A256F0 /* Request+Argo.swift */ = {isa = PBXFileReference; fileEncoding = 4; lastKnownFileType = sourcecode.swift; path = "Request+Argo.swift"; sourceTree = "<group>"; };
		B3D4040E1CAF29C200A256F0 /* Router.swift */ = {isa = PBXFileReference; fileEncoding = 4; lastKnownFileType = sourcecode.swift; path = Router.swift; sourceTree = "<group>"; };
		B3D404121CAF2A1E00A256F0 /* Comic.swift */ = {isa = PBXFileReference; fileEncoding = 4; lastKnownFileType = sourcecode.swift; path = Comic.swift; sourceTree = "<group>"; };
		B3D4041B1CAFFB2600A256F0 /* RxCocoa.framework */ = {isa = PBXFileReference; lastKnownFileType = wrapper.framework; name = RxCocoa.framework; path = Carthage/Build/iOS/RxCocoa.framework; sourceTree = "<group>"; };
		B3D4041C1CAFFB2600A256F0 /* RxSwift.framework */ = {isa = PBXFileReference; lastKnownFileType = wrapper.framework; name = RxSwift.framework; path = Carthage/Build/iOS/RxSwift.framework; sourceTree = "<group>"; };
/* End PBXFileReference section */

/* Begin PBXFrameworksBuildPhase section */
		B3D403D01CAF20BD00A256F0 /* Frameworks */ = {
			isa = PBXFrameworksBuildPhase;
			buildActionMask = 2147483647;
			files = (
				B3D4041D1CAFFB2600A256F0 /* RxCocoa.framework in Frameworks */,
				B3D4041E1CAFFB2600A256F0 /* RxSwift.framework in Frameworks */,
				B3D404001CAF26B200A256F0 /* Alamofire.framework in Frameworks */,
				B3D404011CAF26B200A256F0 /* Argo.framework in Frameworks */,
				B3D404021CAF26B200A256F0 /* CryptoSwift.framework in Frameworks */,
				B3D404031CAF26B200A256F0 /* Curry.framework in Frameworks */,
				B3D404041CAF26B200A256F0 /* Timberjack.framework in Frameworks */,
			);
			runOnlyForDeploymentPostprocessing = 0;
		};
		B3D403E41CAF20BD00A256F0 /* Frameworks */ = {
			isa = PBXFrameworksBuildPhase;
			buildActionMask = 2147483647;
			files = (
			);
			runOnlyForDeploymentPostprocessing = 0;
		};
/* End PBXFrameworksBuildPhase section */

/* Begin PBXGroup section */
		B3D403CA1CAF20BD00A256F0 = {
			isa = PBXGroup;
			children = (
				B3D4041B1CAFFB2600A256F0 /* RxCocoa.framework */,
				B3D4041C1CAFFB2600A256F0 /* RxSwift.framework */,
				B3D403FB1CAF26B200A256F0 /* Alamofire.framework */,
				B3D403FC1CAF26B200A256F0 /* Argo.framework */,
				B3D403FD1CAF26B200A256F0 /* CryptoSwift.framework */,
				B3D403FE1CAF26B200A256F0 /* Curry.framework */,
				B3D403FF1CAF26B200A256F0 /* Timberjack.framework */,
				B3D403D51CAF20BD00A256F0 /* Marvel */,
				B3D403EA1CAF20BD00A256F0 /* MarvelTests */,
				B3D403D41CAF20BD00A256F0 /* Products */,
			);
			sourceTree = "<group>";
		};
		B3D403D41CAF20BD00A256F0 /* Products */ = {
			isa = PBXGroup;
			children = (
				B3D403D31CAF20BD00A256F0 /* Marvel.app */,
				B3D403E71CAF20BD00A256F0 /* MarvelTests.xctest */,
			);
			name = Products;
			sourceTree = "<group>";
		};
		B3D403D51CAF20BD00A256F0 /* Marvel */ = {
			isa = PBXGroup;
			children = (
				B3D403F61CAF225600A256F0 /* Sources */,
				B3D403DD1CAF20BD00A256F0 /* Assets.xcassets */,
				B3D403E21CAF20BD00A256F0 /* Info.plist */,
			);
			path = Marvel;
			sourceTree = "<group>";
		};
		B3D403EA1CAF20BD00A256F0 /* MarvelTests */ = {
			isa = PBXGroup;
			children = (
				B3D403EB1CAF20BD00A256F0 /* MarvelTests.swift */,
				B3D403ED1CAF20BD00A256F0 /* Info.plist */,
			);
			path = MarvelTests;
			sourceTree = "<group>";
		};
		B3D403F61CAF225600A256F0 /* Sources */ = {
			isa = PBXGroup;
			children = (
				B3D403F71CAF225600A256F0 /* AppDelegate.swift */,
				B3D404091CAF285E00A256F0 /* UI */,
				B3D404061CAF282900A256F0 /* Model */,
			);
			path = Sources;
			sourceTree = "<group>";
		};
		B3D404061CAF282900A256F0 /* Model */ = {
			isa = PBXGroup;
			children = (
				B3D404071CAF282900A256F0 /* Entities */,
				B3D404081CAF282900A256F0 /* Marvel API */,
			);
			path = Model;
			sourceTree = "<group>";
		};
		B3D404071CAF282900A256F0 /* Entities */ = {
			isa = PBXGroup;
			children = (
				B3D404121CAF2A1E00A256F0 /* Comic.swift */,
			);
			path = Entities;
			sourceTree = "<group>";
		};
		B3D404081CAF282900A256F0 /* Marvel API */ = {
			isa = PBXGroup;
			children = (
				B3D4040C1CAF29C200A256F0 /* MarvelAPI.swift */,
				B3D4040E1CAF29C200A256F0 /* Router.swift */,
				B3D4040D1CAF29C200A256F0 /* Request+Argo.swift */,
			);
			path = "Marvel API";
			sourceTree = "<group>";
		};
		B3D404091CAF285E00A256F0 /* UI */ = {
			isa = PBXGroup;
			children = (
				B3D4040A1CAF285E00A256F0 /* ComicsViewController.swift */,
			);
			path = UI;
			sourceTree = "<group>";
		};
/* End PBXGroup section */

/* Begin PBXNativeTarget section */
		B3D403D21CAF20BD00A256F0 /* Marvel */ = {
			isa = PBXNativeTarget;
			buildConfigurationList = B3D403F01CAF20BD00A256F0 /* Build configuration list for PBXNativeTarget "Marvel" */;
			buildPhases = (
				B3D403CF1CAF20BD00A256F0 /* Sources */,
				B3D403D01CAF20BD00A256F0 /* Frameworks */,
				B3D403D11CAF20BD00A256F0 /* Resources */,
				B3D404051CAF26B700A256F0 /* ShellScript */,
			);
			buildRules = (
			);
			dependencies = (
			);
			name = Marvel;
			productName = Marvel;
			productReference = B3D403D31CAF20BD00A256F0 /* Marvel.app */;
			productType = "com.apple.product-type.application";
		};
		B3D403E61CAF20BD00A256F0 /* MarvelTests */ = {
			isa = PBXNativeTarget;
			buildConfigurationList = B3D403F31CAF20BD00A256F0 /* Build configuration list for PBXNativeTarget "MarvelTests" */;
			buildPhases = (
				B3D403E31CAF20BD00A256F0 /* Sources */,
				B3D403E41CAF20BD00A256F0 /* Frameworks */,
				B3D403E51CAF20BD00A256F0 /* Resources */,
			);
			buildRules = (
			);
			dependencies = (
				B3D403E91CAF20BD00A256F0 /* PBXTargetDependency */,
			);
			name = MarvelTests;
			productName = MarvelTests;
			productReference = B3D403E71CAF20BD00A256F0 /* MarvelTests.xctest */;
			productType = "com.apple.product-type.bundle.unit-test";
		};
/* End PBXNativeTarget section */

/* Begin PBXProject section */
		B3D403CB1CAF20BD00A256F0 /* Project object */ = {
			isa = PBXProject;
			attributes = {
				LastSwiftUpdateCheck = 0730;
				LastUpgradeCheck = 0730;
				ORGANIZATIONNAME = "Rui Costa";
				TargetAttributes = {
					B3D403D21CAF20BD00A256F0 = {
						CreatedOnToolsVersion = 7.3;
					};
					B3D403E61CAF20BD00A256F0 = {
						CreatedOnToolsVersion = 7.3;
						TestTargetID = B3D403D21CAF20BD00A256F0;
					};
				};
			};
			buildConfigurationList = B3D403CE1CAF20BD00A256F0 /* Build configuration list for PBXProject "Marvel" */;
			compatibilityVersion = "Xcode 3.2";
			developmentRegion = English;
			hasScannedForEncodings = 0;
			knownRegions = (
				en,
				Base,
			);
			mainGroup = B3D403CA1CAF20BD00A256F0;
			productRefGroup = B3D403D41CAF20BD00A256F0 /* Products */;
			projectDirPath = "";
			projectRoot = "";
			targets = (
				B3D403D21CAF20BD00A256F0 /* Marvel */,
				B3D403E61CAF20BD00A256F0 /* MarvelTests */,
			);
		};
/* End PBXProject section */

/* Begin PBXResourcesBuildPhase section */
		B3D403D11CAF20BD00A256F0 /* Resources */ = {
			isa = PBXResourcesBuildPhase;
			buildActionMask = 2147483647;
			files = (
				B3D403DE1CAF20BD00A256F0 /* Assets.xcassets in Resources */,
			);
			runOnlyForDeploymentPostprocessing = 0;
		};
		B3D403E51CAF20BD00A256F0 /* Resources */ = {
			isa = PBXResourcesBuildPhase;
			buildActionMask = 2147483647;
			files = (
			);
			runOnlyForDeploymentPostprocessing = 0;
		};
/* End PBXResourcesBuildPhase section */

/* Begin PBXShellScriptBuildPhase section */
		B3D404051CAF26B700A256F0 /* ShellScript */ = {
			isa = PBXShellScriptBuildPhase;
			buildActionMask = 2147483647;
			files = (
			);
			inputPaths = (
				"$(SRCROOT)/Carthage/Build/iOS/Alamofire.framework",
				"$(SRCROOT)/Carthage/Build/iOS/Argo.framework",
				"$(SRCROOT)/Carthage/Build/iOS/Curry.framework",
				"$(SRCROOT)/Carthage/Build/iOS/CryptoSwift.framework",
				"$(SRCROOT)/Carthage/Build/iOS/Timberjack.framework",
				"$(SRCROOT)/Carthage/Build/iOS/RxSwift.framework",
				"$(SRCROOT)/Carthage/Build/iOS/RxCocoa.framework",
			);
			outputPaths = (
			);
			runOnlyForDeploymentPostprocessing = 0;
			shellPath = "/usr/local/bin/carthage copy-frameworks";
			shellScript = "";
		};
/* End PBXShellScriptBuildPhase section */

/* Begin PBXSourcesBuildPhase section */
		B3D403CF1CAF20BD00A256F0 /* Sources */ = {
			isa = PBXSourcesBuildPhase;
			buildActionMask = 2147483647;
			files = (
				B3D4040F1CAF29C200A256F0 /* MarvelAPI.swift in Sources */,
				B3D404131CAF2A1E00A256F0 /* Comic.swift in Sources */,
				B3D4040B1CAF285E00A256F0 /* ComicsViewController.swift in Sources */,
				B3D404111CAF29C200A256F0 /* Router.swift in Sources */,
				B3D404101CAF29C200A256F0 /* Request+Argo.swift in Sources */,
				B3D403F91CAF225600A256F0 /* AppDelegate.swift in Sources */,
			);
			runOnlyForDeploymentPostprocessing = 0;
		};
		B3D403E31CAF20BD00A256F0 /* Sources */ = {
			isa = PBXSourcesBuildPhase;
			buildActionMask = 2147483647;
			files = (
				B3D403EC1CAF20BD00A256F0 /* MarvelTests.swift in Sources */,
			);
			runOnlyForDeploymentPostprocessing = 0;
		};
/* End PBXSourcesBuildPhase section */

/* Begin PBXTargetDependency section */
		B3D403E91CAF20BD00A256F0 /* PBXTargetDependency */ = {
			isa = PBXTargetDependency;
			target = B3D403D21CAF20BD00A256F0 /* Marvel */;
			targetProxy = B3D403E81CAF20BD00A256F0 /* PBXContainerItemProxy */;
		};
/* End PBXTargetDependency section */

/* Begin XCBuildConfiguration section */
		B3D403EE1CAF20BD00A256F0 /* Debug */ = {
			isa = XCBuildConfiguration;
			buildSettings = {
				ALWAYS_SEARCH_USER_PATHS = NO;
				CLANG_ANALYZER_NONNULL = YES;
				CLANG_CXX_LANGUAGE_STANDARD = "gnu++0x";
				CLANG_CXX_LIBRARY = "libc++";
				CLANG_ENABLE_MODULES = YES;
				CLANG_ENABLE_OBJC_ARC = YES;
				CLANG_WARN_BOOL_CONVERSION = YES;
				CLANG_WARN_CONSTANT_CONVERSION = YES;
				CLANG_WARN_DIRECT_OBJC_ISA_USAGE = YES_ERROR;
				CLANG_WARN_EMPTY_BODY = YES;
				CLANG_WARN_ENUM_CONVERSION = YES;
				CLANG_WARN_INT_CONVERSION = YES;
				CLANG_WARN_OBJC_ROOT_CLASS = YES_ERROR;
				CLANG_WARN_UNREACHABLE_CODE = YES;
				CLANG_WARN__DUPLICATE_METHOD_MATCH = YES;
				"CODE_SIGN_IDENTITY[sdk=iphoneos*]" = "iPhone Developer";
				COPY_PHASE_STRIP = NO;
				DEBUG_INFORMATION_FORMAT = dwarf;
				ENABLE_STRICT_OBJC_MSGSEND = YES;
				ENABLE_TESTABILITY = YES;
				GCC_C_LANGUAGE_STANDARD = gnu99;
				GCC_DYNAMIC_NO_PIC = NO;
				GCC_NO_COMMON_BLOCKS = YES;
				GCC_OPTIMIZATION_LEVEL = 0;
				GCC_PREPROCESSOR_DEFINITIONS = (
					"DEBUG=1",
					"$(inherited)",
				);
				GCC_WARN_64_TO_32_BIT_CONVERSION = YES;
				GCC_WARN_ABOUT_RETURN_TYPE = YES_ERROR;
				GCC_WARN_UNDECLARED_SELECTOR = YES;
				GCC_WARN_UNINITIALIZED_AUTOS = YES_AGGRESSIVE;
				GCC_WARN_UNUSED_FUNCTION = YES;
				GCC_WARN_UNUSED_VARIABLE = YES;
				IPHONEOS_DEPLOYMENT_TARGET = 9.3;
				MTL_ENABLE_DEBUG_INFO = YES;
				ONLY_ACTIVE_ARCH = YES;
				SDKROOT = iphoneos;
				SWIFT_OPTIMIZATION_LEVEL = "-Onone";
			};
			name = Debug;
		};
		B3D403EF1CAF20BD00A256F0 /* Release */ = {
			isa = XCBuildConfiguration;
			buildSettings = {
				ALWAYS_SEARCH_USER_PATHS = NO;
				CLANG_ANALYZER_NONNULL = YES;
				CLANG_CXX_LANGUAGE_STANDARD = "gnu++0x";
				CLANG_CXX_LIBRARY = "libc++";
				CLANG_ENABLE_MODULES = YES;
				CLANG_ENABLE_OBJC_ARC = YES;
				CLANG_WARN_BOOL_CONVERSION = YES;
				CLANG_WARN_CONSTANT_CONVERSION = YES;
				CLANG_WARN_DIRECT_OBJC_ISA_USAGE = YES_ERROR;
				CLANG_WARN_EMPTY_BODY = YES;
				CLANG_WARN_ENUM_CONVERSION = YES;
				CLANG_WARN_INT_CONVERSION = YES;
				CLANG_WARN_OBJC_ROOT_CLASS = YES_ERROR;
				CLANG_WARN_UNREACHABLE_CODE = YES;
				CLANG_WARN__DUPLICATE_METHOD_MATCH = YES;
				"CODE_SIGN_IDENTITY[sdk=iphoneos*]" = "iPhone Developer";
				COPY_PHASE_STRIP = NO;
				DEBUG_INFORMATION_FORMAT = "dwarf-with-dsym";
				ENABLE_NS_ASSERTIONS = NO;
				ENABLE_STRICT_OBJC_MSGSEND = YES;
				GCC_C_LANGUAGE_STANDARD = gnu99;
				GCC_NO_COMMON_BLOCKS = YES;
				GCC_WARN_64_TO_32_BIT_CONVERSION = YES;
				GCC_WARN_ABOUT_RETURN_TYPE = YES_ERROR;
				GCC_WARN_UNDECLARED_SELECTOR = YES;
				GCC_WARN_UNINITIALIZED_AUTOS = YES_AGGRESSIVE;
				GCC_WARN_UNUSED_FUNCTION = YES;
				GCC_WARN_UNUSED_VARIABLE = YES;
				IPHONEOS_DEPLOYMENT_TARGET = 9.3;
				MTL_ENABLE_DEBUG_INFO = NO;
				SDKROOT = iphoneos;
				VALIDATE_PRODUCT = YES;
			};
			name = Release;
		};
		B3D403F11CAF20BD00A256F0 /* Debug */ = {
			isa = XCBuildConfiguration;
			buildSettings = {
				ASSETCATALOG_COMPILER_APPICON_NAME = AppIcon;
				ASSETCATALOG_COMPILER_LAUNCHIMAGE_NAME = "Brand Assets";
				FRAMEWORK_SEARCH_PATHS = (
					"$(inherited)",
					"$(PROJECT_DIR)/Carthage/Build/iOS",
				);
				INFOPLIST_FILE = Marvel/Info.plist;
				IPHONEOS_DEPLOYMENT_TARGET = 8.0;
				LD_RUNPATH_SEARCH_PATHS = "$(inherited) @executable_path/Frameworks";
				PRODUCT_BUNDLE_IDENTIFIER = pt.ruicosta.Marvel;
				PRODUCT_NAME = "$(TARGET_NAME)";
			};
			name = Debug;
		};
		B3D403F21CAF20BD00A256F0 /* Release */ = {
			isa = XCBuildConfiguration;
			buildSettings = {
				ASSETCATALOG_COMPILER_APPICON_NAME = AppIcon;
				ASSETCATALOG_COMPILER_LAUNCHIMAGE_NAME = "Brand Assets";
				FRAMEWORK_SEARCH_PATHS = (
					"$(inherited)",
					"$(PROJECT_DIR)/Carthage/Build/iOS",
				);
				INFOPLIST_FILE = Marvel/Info.plist;
				IPHONEOS_DEPLOYMENT_TARGET = 8.0;
				LD_RUNPATH_SEARCH_PATHS = "$(inherited) @executable_path/Frameworks";
				PRODUCT_BUNDLE_IDENTIFIER = pt.ruicosta.Marvel;
				PRODUCT_NAME = "$(TARGET_NAME)";
			};
			name = Release;
		};
		B3D403F41CAF20BD00A256F0 /* Debug */ = {
			isa = XCBuildConfiguration;
			buildSettings = {
				BUNDLE_LOADER = "$(TEST_HOST)";
				INFOPLIST_FILE = MarvelTests/Info.plist;
				LD_RUNPATH_SEARCH_PATHS = "$(inherited) @executable_path/Frameworks @loader_path/Frameworks";
				PRODUCT_BUNDLE_IDENTIFIER = pt.ruicosta.MarvelTests;
				PRODUCT_NAME = "$(TARGET_NAME)";
				TEST_HOST = "$(BUILT_PRODUCTS_DIR)/Marvel.app/Marvel";
			};
			name = Debug;
		};
		B3D403F51CAF20BD00A256F0 /* Release */ = {
			isa = XCBuildConfiguration;
			buildSettings = {
				BUNDLE_LOADER = "$(TEST_HOST)";
				INFOPLIST_FILE = MarvelTests/Info.plist;
				LD_RUNPATH_SEARCH_PATHS = "$(inherited) @executable_path/Frameworks @loader_path/Frameworks";
				PRODUCT_BUNDLE_IDENTIFIER = pt.ruicosta.MarvelTests;
				PRODUCT_NAME = "$(TARGET_NAME)";
				TEST_HOST = "$(BUILT_PRODUCTS_DIR)/Marvel.app/Marvel";
			};
			name = Release;
		};
/* End XCBuildConfiguration section */

/* Begin XCConfigurationList section */
		B3D403CE1CAF20BD00A256F0 /* Build configuration list for PBXProject "Marvel" */ = {
			isa = XCConfigurationList;
			buildConfigurations = (
				B3D403EE1CAF20BD00A256F0 /* Debug */,
				B3D403EF1CAF20BD00A256F0 /* Release */,
			);
			defaultConfigurationIsVisible = 0;
			defaultConfigurationName = Release;
		};
		B3D403F01CAF20BD00A256F0 /* Build configuration list for PBXNativeTarget "Marvel" */ = {
			isa = XCConfigurationList;
			buildConfigurations = (
				B3D403F11CAF20BD00A256F0 /* Debug */,
				B3D403F21CAF20BD00A256F0 /* Release */,
			);
			defaultConfigurationIsVisible = 0;
		};
		B3D403F31CAF20BD00A256F0 /* Build configuration list for PBXNativeTarget "MarvelTests" */ = {
			isa = XCConfigurationList;
			buildConfigurations = (
				B3D403F41CAF20BD00A256F0 /* Debug */,
				B3D403F51CAF20BD00A256F0 /* Release */,
			);
			defaultConfigurationIsVisible = 0;
		};
/* End XCConfigurationList section */
	};
	rootObject = B3D403CB1CAF20BD00A256F0 /* Project object */;
}
