// !$*UTF8*$!
{
	archiveVersion = 1;
	classes = {
	};
	objectVersion = 46;
	objects = {

/* Begin PBXBuildFile section */
		06CC20DB00281341B5AE1691 /* Pods_Marveble.framework in Frameworks */ = {isa = PBXBuildFile; fileRef = EDB621C45517DE1C2C768BEE /* Pods_Marveble.framework */; };
		652A18C71CCF504900496971 /* Serialising.swift in Sources */ = {isa = PBXBuildFile; fileRef = 652A18C61CCF504900496971 /* Serialising.swift */; };
		652A18C91CCF57F300496971 /* MarvelComic.swift in Sources */ = {isa = PBXBuildFile; fileRef = 652A18C81CCF57F300496971 /* MarvelComic.swift */; };
		652A18CE1CCF6ED300496971 /* Dropboxer.swift in Sources */ = {isa = PBXBuildFile; fileRef = 652A18CD1CCF6ED300496971 /* Dropboxer.swift */; };
		652A18D61CCF701900496971 /* MarvelerTests.swift in Sources */ = {isa = PBXBuildFile; fileRef = 652A18D51CCF701900496971 /* MarvelerTests.swift */; };
		652A18DF1CCF924200496971 /* DropboxComic.swift in Sources */ = {isa = PBXBuildFile; fileRef = 652A18DE1CCF924200496971 /* DropboxComic.swift */; };
		652A18E01CCF924200496971 /* DropboxComic.swift in Sources */ = {isa = PBXBuildFile; fileRef = 652A18DE1CCF924200496971 /* DropboxComic.swift */; };
		652A18E11CCF924500496971 /* Dropboxer.swift in Sources */ = {isa = PBXBuildFile; fileRef = 652A18CD1CCF6ED300496971 /* Dropboxer.swift */; };
		652A18E31CCF960800496971 /* Apocalypse.swift in Sources */ = {isa = PBXBuildFile; fileRef = 652A18E21CCF960800496971 /* Apocalypse.swift */; };
		652A18E41CCF960800496971 /* Apocalypse.swift in Sources */ = {isa = PBXBuildFile; fileRef = 652A18E21CCF960800496971 /* Apocalypse.swift */; };
		652A18E51CCF971800496971 /* Marveler.swift in Sources */ = {isa = PBXBuildFile; fileRef = 659645D01CCE876D00D524CE /* Marveler.swift */; };
		652A18E61CCF971B00496971 /* MarvelComic.swift in Sources */ = {isa = PBXBuildFile; fileRef = 652A18C81CCF57F300496971 /* MarvelComic.swift */; };
		652A18E71CCF972100496971 /* Comic.swift in Sources */ = {isa = PBXBuildFile; fileRef = 659645D41CCF39B800D524CE /* Comic.swift */; };
		652A18E91CCFE62800496971 /* DroboxerTests.swift in Sources */ = {isa = PBXBuildFile; fileRef = 652A18E81CCFE62800496971 /* DroboxerTests.swift */; };
		659645D11CCE876D00D524CE /* Marveler.swift in Sources */ = {isa = PBXBuildFile; fileRef = 659645D01CCE876D00D524CE /* Marveler.swift */; };
		659645D51CCF39B800D524CE /* Comic.swift in Sources */ = {isa = PBXBuildFile; fileRef = 659645D41CCF39B800D524CE /* Comic.swift */; };
		65EC32CB1CCE747500D973B6 /* AppDelegate.swift in Sources */ = {isa = PBXBuildFile; fileRef = 65EC32CA1CCE747500D973B6 /* AppDelegate.swift */; };
		65EC32CD1CCE747500D973B6 /* ViewController.swift in Sources */ = {isa = PBXBuildFile; fileRef = 65EC32CC1CCE747500D973B6 /* ViewController.swift */; };
		65EC32D01CCE747500D973B6 /* Main.storyboard in Resources */ = {isa = PBXBuildFile; fileRef = 65EC32CE1CCE747500D973B6 /* Main.storyboard */; };
		65EC32D21CCE747500D973B6 /* Assets.xcassets in Resources */ = {isa = PBXBuildFile; fileRef = 65EC32D11CCE747500D973B6 /* Assets.xcassets */; };
		65EC32D51CCE747500D973B6 /* LaunchScreen.storyboard in Resources */ = {isa = PBXBuildFile; fileRef = 65EC32D31CCE747500D973B6 /* LaunchScreen.storyboard */; };
/* End PBXBuildFile section */

/* Begin PBXContainerItemProxy section */
		652A18D81CCF701900496971 /* PBXContainerItemProxy */ = {
			isa = PBXContainerItemProxy;
			containerPortal = 65EC32BF1CCE747500D973B6 /* Project object */;
			proxyType = 1;
			remoteGlobalIDString = 65EC32C61CCE747500D973B6;
			remoteInfo = Marveble;
		};
/* End PBXContainerItemProxy section */

/* Begin PBXFileReference section */
		652A18C61CCF504900496971 /* Serialising.swift */ = {isa = PBXFileReference; fileEncoding = 4; lastKnownFileType = sourcecode.swift; path = Serialising.swift; sourceTree = "<group>"; };
		652A18C81CCF57F300496971 /* MarvelComic.swift */ = {isa = PBXFileReference; fileEncoding = 4; lastKnownFileType = sourcecode.swift; path = MarvelComic.swift; sourceTree = "<group>"; };
		652A18CD1CCF6ED300496971 /* Dropboxer.swift */ = {isa = PBXFileReference; fileEncoding = 4; lastKnownFileType = sourcecode.swift; path = Dropboxer.swift; sourceTree = "<group>"; };
		652A18D31CCF701900496971 /* MarvebleTests.xctest */ = {isa = PBXFileReference; explicitFileType = wrapper.cfbundle; includeInIndex = 0; path = MarvebleTests.xctest; sourceTree = BUILT_PRODUCTS_DIR; };
		652A18D51CCF701900496971 /* MarvelerTests.swift */ = {isa = PBXFileReference; lastKnownFileType = sourcecode.swift; path = MarvelerTests.swift; sourceTree = "<group>"; };
		652A18D71CCF701900496971 /* Info.plist */ = {isa = PBXFileReference; lastKnownFileType = text.plist.xml; path = Info.plist; sourceTree = "<group>"; };
		652A18DE1CCF924200496971 /* DropboxComic.swift */ = {isa = PBXFileReference; fileEncoding = 4; lastKnownFileType = sourcecode.swift; path = DropboxComic.swift; sourceTree = "<group>"; };
		652A18E21CCF960800496971 /* Apocalypse.swift */ = {isa = PBXFileReference; fileEncoding = 4; lastKnownFileType = sourcecode.swift; path = Apocalypse.swift; sourceTree = "<group>"; };
		652A18E81CCFE62800496971 /* DroboxerTests.swift */ = {isa = PBXFileReference; fileEncoding = 4; lastKnownFileType = sourcecode.swift; path = DroboxerTests.swift; sourceTree = "<group>"; };
		659645D01CCE876D00D524CE /* Marveler.swift */ = {isa = PBXFileReference; fileEncoding = 4; lastKnownFileType = sourcecode.swift; path = Marveler.swift; sourceTree = "<group>"; };
		659645D41CCF39B800D524CE /* Comic.swift */ = {isa = PBXFileReference; fileEncoding = 4; lastKnownFileType = sourcecode.swift; path = Comic.swift; sourceTree = "<group>"; };
		65EC32C71CCE747500D973B6 /* Marveble.app */ = {isa = PBXFileReference; explicitFileType = wrapper.application; includeInIndex = 0; path = Marveble.app; sourceTree = BUILT_PRODUCTS_DIR; };
		65EC32CA1CCE747500D973B6 /* AppDelegate.swift */ = {isa = PBXFileReference; lastKnownFileType = sourcecode.swift; path = AppDelegate.swift; sourceTree = "<group>"; };
		65EC32CC1CCE747500D973B6 /* ViewController.swift */ = {isa = PBXFileReference; lastKnownFileType = sourcecode.swift; path = ViewController.swift; sourceTree = "<group>"; };
		65EC32CF1CCE747500D973B6 /* Base */ = {isa = PBXFileReference; lastKnownFileType = file.storyboard; name = Base; path = Base.lproj/Main.storyboard; sourceTree = "<group>"; };
		65EC32D11CCE747500D973B6 /* Assets.xcassets */ = {isa = PBXFileReference; lastKnownFileType = folder.assetcatalog; path = Assets.xcassets; sourceTree = "<group>"; };
		65EC32D41CCE747500D973B6 /* Base */ = {isa = PBXFileReference; lastKnownFileType = file.storyboard; name = Base; path = Base.lproj/LaunchScreen.storyboard; sourceTree = "<group>"; };
		65EC32D61CCE747500D973B6 /* Info.plist */ = {isa = PBXFileReference; lastKnownFileType = text.plist.xml; path = Info.plist; sourceTree = "<group>"; };
		693340092ED80D9737392575 /* Pods-Marveble.debug.xcconfig */ = {isa = PBXFileReference; includeInIndex = 1; lastKnownFileType = text.xcconfig; name = "Pods-Marveble.debug.xcconfig"; path = "Pods/Target Support Files/Pods-Marveble/Pods-Marveble.debug.xcconfig"; sourceTree = "<group>"; };
		8655B2AC6B43D67E18A601ED /* Pods-Marveble.release.xcconfig */ = {isa = PBXFileReference; includeInIndex = 1; lastKnownFileType = text.xcconfig; name = "Pods-Marveble.release.xcconfig"; path = "Pods/Target Support Files/Pods-Marveble/Pods-Marveble.release.xcconfig"; sourceTree = "<group>"; };
		EDB621C45517DE1C2C768BEE /* Pods_Marveble.framework */ = {isa = PBXFileReference; explicitFileType = wrapper.framework; includeInIndex = 0; path = Pods_Marveble.framework; sourceTree = BUILT_PRODUCTS_DIR; };
/* End PBXFileReference section */

/* Begin PBXFrameworksBuildPhase section */
		652A18D01CCF701900496971 /* Frameworks */ = {
			isa = PBXFrameworksBuildPhase;
			buildActionMask = 2147483647;
			files = (
			);
			runOnlyForDeploymentPostprocessing = 0;
		};
		65EC32C41CCE747500D973B6 /* Frameworks */ = {
			isa = PBXFrameworksBuildPhase;
			buildActionMask = 2147483647;
			files = (
				06CC20DB00281341B5AE1691 /* Pods_Marveble.framework in Frameworks */,
			);
			runOnlyForDeploymentPostprocessing = 0;
		};
/* End PBXFrameworksBuildPhase section */

/* Begin PBXGroup section */
		4B5D1E70C9285E2521B0FA88 /* Frameworks */ = {
			isa = PBXGroup;
			children = (
				EDB621C45517DE1C2C768BEE /* Pods_Marveble.framework */,
			);
			name = Frameworks;
			sourceTree = "<group>";
		};
		652A18CB1CCF57F700496971 /* Marvel */ = {
			isa = PBXGroup;
			children = (
				659645D01CCE876D00D524CE /* Marveler.swift */,
				652A18C81CCF57F300496971 /* MarvelComic.swift */,
			);
			name = Marvel;
			sourceTree = "<group>";
		};
		652A18D41CCF701900496971 /* MarvebleTests */ = {
			isa = PBXGroup;
			children = (
				652A18D51CCF701900496971 /* MarvelerTests.swift */,
				652A18E81CCFE62800496971 /* DroboxerTests.swift */,
				652A18D71CCF701900496971 /* Info.plist */,
			);
			path = MarvebleTests;
			sourceTree = "<group>";
		};
		652A18DD1CCF91BA00496971 /* Dropbox */ = {
			isa = PBXGroup;
			children = (
				652A18CD1CCF6ED300496971 /* Dropboxer.swift */,
				652A18DE1CCF924200496971 /* DropboxComic.swift */,
			);
			name = Dropbox;
			sourceTree = "<group>";
		};
		659645D31CCE877300D524CE /* Data Model and Controllers */ = {
			isa = PBXGroup;
			children = (
				652A18C61CCF504900496971 /* Serialising.swift */,
				652A18CB1CCF57F700496971 /* Marvel */,
				652A18DD1CCF91BA00496971 /* Dropbox */,
				659645D41CCF39B800D524CE /* Comic.swift */,
				652A18E21CCF960800496971 /* Apocalypse.swift */,
			);
			name = "Data Model and Controllers";
			sourceTree = "<group>";
		};
		65EC32BE1CCE747500D973B6 = {
			isa = PBXGroup;
			children = (
				65EC32C91CCE747500D973B6 /* Marveble */,
				652A18D41CCF701900496971 /* MarvebleTests */,
				65EC32C81CCE747500D973B6 /* Products */,
				D24E13E83D1BF66892B1E095 /* Pods */,
				4B5D1E70C9285E2521B0FA88 /* Frameworks */,
			);
			sourceTree = "<group>";
		};
		65EC32C81CCE747500D973B6 /* Products */ = {
			isa = PBXGroup;
			children = (
				65EC32C71CCE747500D973B6 /* Marveble.app */,
				652A18D31CCF701900496971 /* MarvebleTests.xctest */,
			);
			name = Products;
			sourceTree = "<group>";
		};
		65EC32C91CCE747500D973B6 /* Marveble */ = {
			isa = PBXGroup;
			children = (
				65EC32CA1CCE747500D973B6 /* AppDelegate.swift */,
				659645D31CCE877300D524CE /* Data Model and Controllers */,
				65EC32CC1CCE747500D973B6 /* ViewController.swift */,
				65EC32CE1CCE747500D973B6 /* Main.storyboard */,
				65EC32D11CCE747500D973B6 /* Assets.xcassets */,
				65EC32D31CCE747500D973B6 /* LaunchScreen.storyboard */,
				65EC32D61CCE747500D973B6 /* Info.plist */,
			);
			path = Marveble;
			sourceTree = "<group>";
		};
		D24E13E83D1BF66892B1E095 /* Pods */ = {
			isa = PBXGroup;
			children = (
				693340092ED80D9737392575 /* Pods-Marveble.debug.xcconfig */,
				8655B2AC6B43D67E18A601ED /* Pods-Marveble.release.xcconfig */,
			);
			name = Pods;
			sourceTree = "<group>";
		};
/* End PBXGroup section */

/* Begin PBXNativeTarget section */
		652A18D21CCF701900496971 /* MarvebleTests */ = {
			isa = PBXNativeTarget;
			buildConfigurationList = 652A18DA1CCF701900496971 /* Build configuration list for PBXNativeTarget "MarvebleTests" */;
			buildPhases = (
				652A18CF1CCF701900496971 /* Sources */,
				652A18D01CCF701900496971 /* Frameworks */,
				652A18D11CCF701900496971 /* Resources */,
			);
			buildRules = (
			);
			dependencies = (
				652A18D91CCF701900496971 /* PBXTargetDependency */,
			);
			name = MarvebleTests;
			productName = MarvebleTests;
			productReference = 652A18D31CCF701900496971 /* MarvebleTests.xctest */;
			productType = "com.apple.product-type.bundle.unit-test";
		};
		65EC32C61CCE747500D973B6 /* Marveble */ = {
			isa = PBXNativeTarget;
			buildConfigurationList = 65EC32E41CCE747500D973B6 /* Build configuration list for PBXNativeTarget "Marveble" */;
			buildPhases = (
				ABAB2B857F0082414E151D11 /* Check Pods Manifest.lock */,
				65EC32C31CCE747500D973B6 /* Sources */,
				65EC32C41CCE747500D973B6 /* Frameworks */,
				65EC32C51CCE747500D973B6 /* Resources */,
				65EC32EA1CCE748B00D973B6 /* ShellScript */,
				88E322ED7AEDD9F127C51DA3 /* Embed Pods Frameworks */,
				9152C76CD4D89C0D909A9383 /* Copy Pods Resources */,
			);
			buildRules = (
			);
			dependencies = (
			);
			name = Marveble;
			productName = Marveble;
			productReference = 65EC32C71CCE747500D973B6 /* Marveble.app */;
			productType = "com.apple.product-type.application";
		};
/* End PBXNativeTarget section */

/* Begin PBXProject section */
		65EC32BF1CCE747500D973B6 /* Project object */ = {
			isa = PBXProject;
			attributes = {
				LastSwiftUpdateCheck = 0730;
				LastUpgradeCheck = 0730;
				ORGANIZATIONNAME = "Bell App Lab";
				TargetAttributes = {
					652A18D21CCF701900496971 = {
						CreatedOnToolsVersion = 7.3;
						TestTargetID = 65EC32C61CCE747500D973B6;
					};
					65EC32C61CCE747500D973B6 = {
						CreatedOnToolsVersion = 7.3;
					};
				};
			};
			buildConfigurationList = 65EC32C21CCE747500D973B6 /* Build configuration list for PBXProject "Marveble" */;
			compatibilityVersion = "Xcode 3.2";
			developmentRegion = English;
			hasScannedForEncodings = 0;
			knownRegions = (
				en,
				Base,
			);
			mainGroup = 65EC32BE1CCE747500D973B6;
			productRefGroup = 65EC32C81CCE747500D973B6 /* Products */;
			projectDirPath = "";
			projectRoot = "";
			targets = (
				65EC32C61CCE747500D973B6 /* Marveble */,
				652A18D21CCF701900496971 /* MarvebleTests */,
			);
		};
/* End PBXProject section */

/* Begin PBXResourcesBuildPhase section */
		652A18D11CCF701900496971 /* Resources */ = {
			isa = PBXResourcesBuildPhase;
			buildActionMask = 2147483647;
			files = (
			);
			runOnlyForDeploymentPostprocessing = 0;
		};
		65EC32C51CCE747500D973B6 /* Resources */ = {
			isa = PBXResourcesBuildPhase;
			buildActionMask = 2147483647;
			files = (
				65EC32D51CCE747500D973B6 /* LaunchScreen.storyboard in Resources */,
				65EC32D21CCE747500D973B6 /* Assets.xcassets in Resources */,
				65EC32D01CCE747500D973B6 /* Main.storyboard in Resources */,
			);
			runOnlyForDeploymentPostprocessing = 0;
		};
/* End PBXResourcesBuildPhase section */

/* Begin PBXShellScriptBuildPhase section */
		65EC32EA1CCE748B00D973B6 /* ShellScript */ = {
			isa = PBXShellScriptBuildPhase;
			buildActionMask = 2147483647;
			files = (
			);
			inputPaths = (
			);
			outputPaths = (
			);
			runOnlyForDeploymentPostprocessing = 0;
			shellPath = /bin/sh;
			shellScript = "#!/bin/bash\nbuildNumber=$(/usr/libexec/PlistBuddy -c \"Print CFBundleVersion\" \"$INFOPLIST_FILE\")\nbuildNumber=$(($buildNumber + 1))\n/usr/libexec/PlistBuddy -c \"Set :CFBundleVersion $buildNumber\" \"$INFOPLIST_FILE\"";
		};
		88E322ED7AEDD9F127C51DA3 /* Embed Pods Frameworks */ = {
			isa = PBXShellScriptBuildPhase;
			buildActionMask = 2147483647;
			files = (
			);
			inputPaths = (
			);
			name = "Embed Pods Frameworks";
			outputPaths = (
			);
			runOnlyForDeploymentPostprocessing = 0;
			shellPath = /bin/sh;
			shellScript = "\"${SRCROOT}/Pods/Target Support Files/Pods-Marveble/Pods-Marveble-frameworks.sh\"\n";
			showEnvVarsInLog = 0;
		};
		9152C76CD4D89C0D909A9383 /* Copy Pods Resources */ = {
			isa = PBXShellScriptBuildPhase;
			buildActionMask = 2147483647;
			files = (
			);
			inputPaths = (
			);
			name = "Copy Pods Resources";
			outputPaths = (
			);
			runOnlyForDeploymentPostprocessing = 0;
			shellPath = /bin/sh;
			shellScript = "\"${SRCROOT}/Pods/Target Support Files/Pods-Marveble/Pods-Marveble-resources.sh\"\n";
			showEnvVarsInLog = 0;
		};
		ABAB2B857F0082414E151D11 /* Check Pods Manifest.lock */ = {
			isa = PBXShellScriptBuildPhase;
			buildActionMask = 2147483647;
			files = (
			);
			inputPaths = (
			);
			name = "Check Pods Manifest.lock";
			outputPaths = (
			);
			runOnlyForDeploymentPostprocessing = 0;
			shellPath = /bin/sh;
			shellScript = "diff \"${PODS_ROOT}/../Podfile.lock\" \"${PODS_ROOT}/Manifest.lock\" > /dev/null\nif [[ $? != 0 ]] ; then\n    cat << EOM\nerror: The sandbox is not in sync with the Podfile.lock. Run 'pod install' or update your CocoaPods installation.\nEOM\n    exit 1\nfi\n";
			showEnvVarsInLog = 0;
		};
/* End PBXShellScriptBuildPhase section */

/* Begin PBXSourcesBuildPhase section */
		652A18CF1CCF701900496971 /* Sources */ = {
			isa = PBXSourcesBuildPhase;
			buildActionMask = 2147483647;
			files = (
				652A18E51CCF971800496971 /* Marveler.swift in Sources */,
				652A18E41CCF960800496971 /* Apocalypse.swift in Sources */,
				652A18E71CCF972100496971 /* Comic.swift in Sources */,
				652A18E61CCF971B00496971 /* MarvelComic.swift in Sources */,
				652A18E01CCF924200496971 /* DropboxComic.swift in Sources */,
				652A18D61CCF701900496971 /* MarvelerTests.swift in Sources */,
				652A18E91CCFE62800496971 /* DroboxerTests.swift in Sources */,
				652A18E11CCF924500496971 /* Dropboxer.swift in Sources */,
			);
			runOnlyForDeploymentPostprocessing = 0;
		};
		65EC32C31CCE747500D973B6 /* Sources */ = {
			isa = PBXSourcesBuildPhase;
			buildActionMask = 2147483647;
			files = (
				652A18E31CCF960800496971 /* Apocalypse.swift in Sources */,
				652A18C71CCF504900496971 /* Serialising.swift in Sources */,
				65EC32CD1CCE747500D973B6 /* ViewController.swift in Sources */,
				652A18CE1CCF6ED300496971 /* Dropboxer.swift in Sources */,
				652A18C91CCF57F300496971 /* MarvelComic.swift in Sources */,
				659645D51CCF39B800D524CE /* Comic.swift in Sources */,
				65EC32CB1CCE747500D973B6 /* AppDelegate.swift in Sources */,
				652A18DF1CCF924200496971 /* DropboxComic.swift in Sources */,
				659645D11CCE876D00D524CE /* Marveler.swift in Sources */,
			);
			runOnlyForDeploymentPostprocessing = 0;
		};
/* End PBXSourcesBuildPhase section */

/* Begin PBXTargetDependency section */
		652A18D91CCF701900496971 /* PBXTargetDependency */ = {
			isa = PBXTargetDependency;
			target = 65EC32C61CCE747500D973B6 /* Marveble */;
			targetProxy = 652A18D81CCF701900496971 /* PBXContainerItemProxy */;
		};
/* End PBXTargetDependency section */

/* Begin PBXVariantGroup section */
		65EC32CE1CCE747500D973B6 /* Main.storyboard */ = {
			isa = PBXVariantGroup;
			children = (
				65EC32CF1CCE747500D973B6 /* Base */,
			);
			name = Main.storyboard;
			sourceTree = "<group>";
		};
		65EC32D31CCE747500D973B6 /* LaunchScreen.storyboard */ = {
			isa = PBXVariantGroup;
			children = (
				65EC32D41CCE747500D973B6 /* Base */,
			);
			name = LaunchScreen.storyboard;
			sourceTree = "<group>";
		};
/* End PBXVariantGroup section */

/* Begin XCBuildConfiguration section */
		652A18DB1CCF701900496971 /* Debug */ = {
			isa = XCBuildConfiguration;
			buildSettings = {
				BUNDLE_LOADER = "$(TEST_HOST)";
				INFOPLIST_FILE = MarvebleTests/Info.plist;
				LD_RUNPATH_SEARCH_PATHS = "$(inherited) @executable_path/Frameworks @loader_path/Frameworks";
				PRODUCT_BUNDLE_IDENTIFIER = com.bellapplab.MarvebleTests;
				PRODUCT_NAME = "$(TARGET_NAME)";
				TEST_HOST = "$(BUILT_PRODUCTS_DIR)/Marveble.app/Marveble";
			};
			name = Debug;
		};
		652A18DC1CCF701900496971 /* Release */ = {
			isa = XCBuildConfiguration;
			buildSettings = {
				BUNDLE_LOADER = "$(TEST_HOST)";
				INFOPLIST_FILE = MarvebleTests/Info.plist;
				LD_RUNPATH_SEARCH_PATHS = "$(inherited) @executable_path/Frameworks @loader_path/Frameworks";
				PRODUCT_BUNDLE_IDENTIFIER = com.bellapplab.MarvebleTests;
				PRODUCT_NAME = "$(TARGET_NAME)";
				TEST_HOST = "$(BUILT_PRODUCTS_DIR)/Marveble.app/Marveble";
			};
			name = Release;
		};
		65EC32E21CCE747500D973B6 /* Debug */ = {
			isa = XCBuildConfiguration;
			buildSettings = {
				ALWAYS_SEARCH_USER_PATHS = NO;
				CLANG_ANALYZER_NONNULL = YES;
				CLANG_CXX_LANGUAGE_STANDARD = "gnu++0x";
				CLANG_CXX_LIBRARY = "libc++";
				CLANG_ENABLE_MODULES = YES;
				CLANG_ENABLE_OBJC_ARC = YES;
				CLANG_WARN_BOOL_CONVERSION = YES;
				CLANG_WARN_CONSTANT_CONVERSION = YES;
				CLANG_WARN_DIRECT_OBJC_ISA_USAGE = YES_ERROR;
				CLANG_WARN_EMPTY_BODY = YES;
				CLANG_WARN_ENUM_CONVERSION = YES;
				CLANG_WARN_INT_CONVERSION = YES;
				CLANG_WARN_OBJC_ROOT_CLASS = YES_ERROR;
				CLANG_WARN_UNREACHABLE_CODE = YES;
				CLANG_WARN__DUPLICATE_METHOD_MATCH = YES;
				"CODE_SIGN_IDENTITY[sdk=iphoneos*]" = "iPhone Developer";
				COPY_PHASE_STRIP = NO;
				DEBUG_INFORMATION_FORMAT = dwarf;
				ENABLE_STRICT_OBJC_MSGSEND = YES;
				ENABLE_TESTABILITY = YES;
				GCC_C_LANGUAGE_STANDARD = gnu99;
				GCC_DYNAMIC_NO_PIC = NO;
				GCC_NO_COMMON_BLOCKS = YES;
				GCC_OPTIMIZATION_LEVEL = 0;
				GCC_PREPROCESSOR_DEFINITIONS = (
					"DEBUG=1",
					"$(inherited)",
				);
				GCC_WARN_64_TO_32_BIT_CONVERSION = YES;
				GCC_WARN_ABOUT_RETURN_TYPE = YES_ERROR;
				GCC_WARN_UNDECLARED_SELECTOR = YES;
				GCC_WARN_UNINITIALIZED_AUTOS = YES_AGGRESSIVE;
				GCC_WARN_UNUSED_FUNCTION = YES;
				GCC_WARN_UNUSED_VARIABLE = YES;
				IPHONEOS_DEPLOYMENT_TARGET = 9.3;
				MTL_ENABLE_DEBUG_INFO = YES;
				ONLY_ACTIVE_ARCH = YES;
				OTHER_SWIFT_FLAGS = "-DDEBUG";
				SDKROOT = iphoneos;
				SWIFT_OPTIMIZATION_LEVEL = "-Onone";
			};
			name = Debug;
		};
		65EC32E31CCE747500D973B6 /* Release */ = {
			isa = XCBuildConfiguration;
			buildSettings = {
				ALWAYS_SEARCH_USER_PATHS = NO;
				CLANG_ANALYZER_NONNULL = YES;
				CLANG_CXX_LANGUAGE_STANDARD = "gnu++0x";
				CLANG_CXX_LIBRARY = "libc++";
				CLANG_ENABLE_MODULES = YES;
				CLANG_ENABLE_OBJC_ARC = YES;
				CLANG_WARN_BOOL_CONVERSION = YES;
				CLANG_WARN_CONSTANT_CONVERSION = YES;
				CLANG_WARN_DIRECT_OBJC_ISA_USAGE = YES_ERROR;
				CLANG_WARN_EMPTY_BODY = YES;
				CLANG_WARN_ENUM_CONVERSION = YES;
				CLANG_WARN_INT_CONVERSION = YES;
				CLANG_WARN_OBJC_ROOT_CLASS = YES_ERROR;
				CLANG_WARN_UNREACHABLE_CODE = YES;
				CLANG_WARN__DUPLICATE_METHOD_MATCH = YES;
				"CODE_SIGN_IDENTITY[sdk=iphoneos*]" = "iPhone Developer";
				COPY_PHASE_STRIP = NO;
				DEBUG_INFORMATION_FORMAT = "dwarf-with-dsym";
				ENABLE_NS_ASSERTIONS = NO;
				ENABLE_STRICT_OBJC_MSGSEND = YES;
				GCC_C_LANGUAGE_STANDARD = gnu99;
				GCC_NO_COMMON_BLOCKS = YES;
				GCC_WARN_64_TO_32_BIT_CONVERSION = YES;
				GCC_WARN_ABOUT_RETURN_TYPE = YES_ERROR;
				GCC_WARN_UNDECLARED_SELECTOR = YES;
				GCC_WARN_UNINITIALIZED_AUTOS = YES_AGGRESSIVE;
				GCC_WARN_UNUSED_FUNCTION = YES;
				GCC_WARN_UNUSED_VARIABLE = YES;
				IPHONEOS_DEPLOYMENT_TARGET = 9.3;
				MTL_ENABLE_DEBUG_INFO = NO;
				SDKROOT = iphoneos;
				VALIDATE_PRODUCT = YES;
			};
			name = Release;
		};
		65EC32E51CCE747500D973B6 /* Debug */ = {
			isa = XCBuildConfiguration;
			baseConfigurationReference = 693340092ED80D9737392575 /* Pods-Marveble.debug.xcconfig */;
			buildSettings = {
				ASSETCATALOG_COMPILER_APPICON_NAME = AppIcon;
				GCC_PREPROCESSOR_DEFINITIONS = (
					"$(inherited)",
					"COCOAPODS=1",
				);
				INFOPLIST_FILE = Marveble/Info.plist;
				IPHONEOS_DEPLOYMENT_TARGET = 9.0;
				LD_RUNPATH_SEARCH_PATHS = "$(inherited) @executable_path/Frameworks";
				PRODUCT_BUNDLE_IDENTIFIER = com.bellapplab.Marveble;
				PRODUCT_NAME = "$(TARGET_NAME)";
				TARGETED_DEVICE_FAMILY = "1,2";
			};
			name = Debug;
		};
		65EC32E61CCE747500D973B6 /* Release */ = {
			isa = XCBuildConfiguration;
			baseConfigurationReference = 8655B2AC6B43D67E18A601ED /* Pods-Marveble.release.xcconfig */;
			buildSettings = {
				ASSETCATALOG_COMPILER_APPICON_NAME = AppIcon;
				INFOPLIST_FILE = Marveble/Info.plist;
				IPHONEOS_DEPLOYMENT_TARGET = 9.0;
				LD_RUNPATH_SEARCH_PATHS = "$(inherited) @executable_path/Frameworks";
				PRODUCT_BUNDLE_IDENTIFIER = com.bellapplab.Marveble;
				PRODUCT_NAME = "$(TARGET_NAME)";
				TARGETED_DEVICE_FAMILY = "1,2";
			};
			name = Release;
		};
/* End XCBuildConfiguration section */

/* Begin XCConfigurationList section */
		652A18DA1CCF701900496971 /* Build configuration list for PBXNativeTarget "MarvebleTests" */ = {
			isa = XCConfigurationList;
			buildConfigurations = (
				652A18DB1CCF701900496971 /* Debug */,
				652A18DC1CCF701900496971 /* Release */,
			);
			defaultConfigurationIsVisible = 0;
			defaultConfigurationName = Release;
		};
		65EC32C21CCE747500D973B6 /* Build configuration list for PBXProject "Marveble" */ = {
			isa = XCConfigurationList;
			buildConfigurations = (
				65EC32E21CCE747500D973B6 /* Debug */,
				65EC32E31CCE747500D973B6 /* Release */,
			);
			defaultConfigurationIsVisible = 0;
			defaultConfigurationName = Release;
		};
		65EC32E41CCE747500D973B6 /* Build configuration list for PBXNativeTarget "Marveble" */ = {
			isa = XCConfigurationList;
			buildConfigurations = (
				65EC32E51CCE747500D973B6 /* Debug */,
				65EC32E61CCE747500D973B6 /* Release */,
			);
			defaultConfigurationIsVisible = 0;
			defaultConfigurationName = Release;
		};
/* End XCConfigurationList section */
	};
	rootObject = 65EC32BF1CCE747500D973B6 /* Project object */;
}
